
Microsoft Visual Studio Solution File, Format Version 12.00
# Visual Studio Version 17
VisualStudioVersion = 17.4.33110.190
MinimumVisualStudioVersion = 10.0.40219.1
Project("{FAE04EC0-301F-11D3-BF4B-00C04F79EFBC}") = "MVVM", "MVVM\MVVM.csproj", "{96EEA2FA-2CB0-4CEB-9712-C4FB10610D32}"
EndProject
Global
	GlobalSection(SolutionConfigurationPlatforms) = preSolution
		Debug|Any CPU = Debug|Any CPU
		Release|Any CPU = Release|Any CPU
	EndGlobalSection
	GlobalSection(ProjectConfigurationPlatforms) = postSolution
		{96EEA2FA-2CB0-4CEB-9712-C4FB10610D32}.Debug|Any CPU.ActiveCfg = Debug|Any CPU
		{96EEA2FA-2CB0-4CEB-9712-C4FB10610D32}.Debug|Any CPU.Build.0 = Debug|Any CPU
		{96EEA2FA-2CB0-4CEB-9712-C4FB10610D32}.Release|Any CPU.ActiveCfg = Release|Any CPU
		{96EEA2FA-2CB0-4CEB-9712-C4FB10610D32}.Release|Any CPU.Build.0 = Release|Any CPU
	EndGlobalSection
	GlobalSection(SolutionProperties) = preSolution
		HideSolutionNode = FALSE
	EndGlobalSection
	GlobalSection(ExtensibilityGlobals) = postSolution
		SolutionGuid = {E4B85A4F-CCD0-4BE2-94EA-78E143536624}
	EndGlobalSection
EndGlobal
